{
    "_meta": {
        "hash": {
            "sha256": "91123f75c844e99f8386c1cf45264828d0c6a6ff6afad6038c9be3f856e0c9fb"
        },
        "pipfile-spec": 6,
        "requires": {
            "python_version": "3.7"
        },
        "sources": [
            {
                "name": "pypi",
                "url": "https://pypi.org/simple",
                "verify_ssl": true
            }
        ]
    },
    "default": {
        "pi-neo-pixels": {
            "editable": true,
            "path": "."
        },
        "pigpio": {
            "hashes": [
                "sha256:81e46f640c4e6342881fa9bbe290dbcd4fc179619dc6591e57a9d4a084dc49fa",
                "sha256:91efa50e4990649da97408a384782d6ccf58342fc59cdfe21ed7a42911569975"
            ],
            "version": "==1.78"
        }
    },
    "develop": {}
}
